
Microsoft Visual Studio Solution File, Format Version 12.00
# Visual Studio Version 17
VisualStudioVersion = 17.7.34221.43
MinimumVisualStudioVersion = 10.0.40219.1
Project("{8BC9CEB8-8B4A-11D0-8D11-00A0C91BC942}") = "workshop-6", "workshop-6.vcxproj", "{20824168-5E5D-49FA-801B-9CC4F84230A3}"
EndProject
Global
	GlobalSection(SolutionConfigurationPlatforms) = preSolution
		Debug|x64 = Debug|x64
		Debug|x86 = Debug|x86
		Release|x64 = Release|x64
		Release|x86 = Release|x86
	EndGlobalSection
	GlobalSection(ProjectConfigurationPlatforms) = postSolution
		{20824168-5E5D-49FA-801B-9CC4F84230A3}.Debug|x64.ActiveCfg = Debug|x64
		{20824168-5E5D-49FA-801B-9CC4F84230A3}.Debug|x64.Build.0 = Debug|x64
		{20824168-5E5D-49FA-801B-9CC4F84230A3}.Debug|x86.ActiveCfg = Debug|Win32
		{20824168-5E5D-49FA-801B-9CC4F84230A3}.Debug|x86.Build.0 = Debug|Win32
		{20824168-5E5D-49FA-801B-9CC4F84230A3}.Release|x64.ActiveCfg = Release|x64
		{20824168-5E5D-49FA-801B-9CC4F84230A3}.Release|x64.Build.0 = Release|x64
		{20824168-5E5D-49FA-801B-9CC4F84230A3}.Release|x86.ActiveCfg = Release|Win32
		{20824168-5E5D-49FA-801B-9CC4F84230A3}.Release|x86.Build.0 = Release|Win32
	EndGlobalSection
	GlobalSection(SolutionProperties) = preSolution
		HideSolutionNode = FALSE
	EndGlobalSection
	GlobalSection(ExtensibilityGlobals) = postSolution
		SolutionGuid = {9E821F71-30CB-4CAC-92B7-1A05D0364AD5}
	EndGlobalSection
EndGlobal
